
Microsoft Visual Studio Solution File, Format Version 12.00
# Visual Studio Version 16
VisualStudioVersion = 16.0.30523.141
MinimumVisualStudioVersion = 10.0.40219.1
Project("{2150E333-8FDC-42A3-9474-1A3956D46DE8}") = "Source", "Source", "{804D0C77-1EC9-44DA-AF42-ABFDAF28DD7F}"
EndProject
Project("{2150E333-8FDC-42A3-9474-1A3956D46DE8}") = "Test", "Test", "{AF9E4DC9-A298-464B-AE78-1C2779AF6FB1}"
EndProject
Project("{2150E333-8FDC-42A3-9474-1A3956D46DE8}") = "Docs", "Docs", "{B3EB20D6-B2BB-437E-8213-36AB81C7C624}"
EndProject
Project("{2150E333-8FDC-42A3-9474-1A3956D46DE8}") = "Core", "Core", "{E0D0C278-0523-4776-8A2E-64CC30204244}"
EndProject
Project("{FAE04EC0-301F-11D3-BF4B-00C04F79EFBC}") = "Model", "Model\Model.csproj", "{93EA510A-17EC-48E1-B700-93F220CDB267}"
EndProject
Project("{2150E333-8FDC-42A3-9474-1A3956D46DE8}") = "Infrastructure", "Infrastructure", "{AC29BBE6-1176-46D3-8CAD-D5ED7F3E40E6}"
EndProject
Project("{2150E333-8FDC-42A3-9474-1A3956D46DE8}") = "Presentation", "Presentation", "{DE0275EE-CBE9-4C40-B037-AE6D60F3B6B1}"
EndProject
Project("{FAE04EC0-301F-11D3-BF4B-00C04F79EFBC}") = "Application", "Application\Application.csproj", "{CD5E5BF6-6FC7-494F-928A-00D5E4A11B4F}"
EndProject
Project("{FAE04EC0-301F-11D3-BF4B-00C04F79EFBC}") = "RequestToCbTest", "AppTest\RequestToCbTest.csproj", "{A30E05E1-18F7-4460-870D-E2A257E4123B}"
EndProject
Project("{2150E333-8FDC-42A3-9474-1A3956D46DE8}") = "Unit", "Unit", "{627CC17C-2EAE-46BB-B74C-72BDDCB2CB43}"
EndProject
Project("{2150E333-8FDC-42A3-9474-1A3956D46DE8}") = "Integration", "Integration", "{A987FD60-F453-44C6-9DFE-C7F77F34A066}"
EndProject
Project("{2150E333-8FDC-42A3-9474-1A3956D46DE8}") = "System", "System", "{9D6CB336-6F95-4AFC-816E-7515A52659B6}"
EndProject
Project("{FAE04EC0-301F-11D3-BF4B-00C04F79EFBC}") = "AllCurrenciesRequestTest", "AllCurrenciesRequestTest\AllCurrenciesRequestTest.csproj", "{9F7DC252-60A5-4E2B-B94C-0FA9501B9BEE}"
EndProject
Project("{FAE04EC0-301F-11D3-BF4B-00C04F79EFBC}") = "Services", "Services\Services.csproj", "{690AE632-33B6-4E78-A1C6-CD8CEC71F597}"
EndProject
Project("{FAE04EC0-301F-11D3-BF4B-00C04F79EFBC}") = "AppWebApi", "AppWebApi\AppWebApi.csproj", "{D8F069FC-B6C4-4514-89F9-7157B6DF3E81}"
EndProject
Global
	GlobalSection(SolutionConfigurationPlatforms) = preSolution
		Debug|Any CPU = Debug|Any CPU
		Release|Any CPU = Release|Any CPU
	EndGlobalSection
	GlobalSection(ProjectConfigurationPlatforms) = postSolution
		{93EA510A-17EC-48E1-B700-93F220CDB267}.Debug|Any CPU.ActiveCfg = Debug|Any CPU
		{93EA510A-17EC-48E1-B700-93F220CDB267}.Debug|Any CPU.Build.0 = Debug|Any CPU
		{93EA510A-17EC-48E1-B700-93F220CDB267}.Release|Any CPU.ActiveCfg = Release|Any CPU
		{93EA510A-17EC-48E1-B700-93F220CDB267}.Release|Any CPU.Build.0 = Release|Any CPU
		{CD5E5BF6-6FC7-494F-928A-00D5E4A11B4F}.Debug|Any CPU.ActiveCfg = Debug|Any CPU
		{CD5E5BF6-6FC7-494F-928A-00D5E4A11B4F}.Debug|Any CPU.Build.0 = Debug|Any CPU
		{CD5E5BF6-6FC7-494F-928A-00D5E4A11B4F}.Release|Any CPU.ActiveCfg = Release|Any CPU
		{CD5E5BF6-6FC7-494F-928A-00D5E4A11B4F}.Release|Any CPU.Build.0 = Release|Any CPU
		{A30E05E1-18F7-4460-870D-E2A257E4123B}.Debug|Any CPU.ActiveCfg = Debug|Any CPU
		{A30E05E1-18F7-4460-870D-E2A257E4123B}.Debug|Any CPU.Build.0 = Debug|Any CPU
		{A30E05E1-18F7-4460-870D-E2A257E4123B}.Release|Any CPU.ActiveCfg = Release|Any CPU
		{A30E05E1-18F7-4460-870D-E2A257E4123B}.Release|Any CPU.Build.0 = Release|Any CPU
		{9F7DC252-60A5-4E2B-B94C-0FA9501B9BEE}.Debug|Any CPU.ActiveCfg = Debug|Any CPU
		{9F7DC252-60A5-4E2B-B94C-0FA9501B9BEE}.Debug|Any CPU.Build.0 = Debug|Any CPU
		{9F7DC252-60A5-4E2B-B94C-0FA9501B9BEE}.Release|Any CPU.ActiveCfg = Release|Any CPU
		{9F7DC252-60A5-4E2B-B94C-0FA9501B9BEE}.Release|Any CPU.Build.0 = Release|Any CPU
		{690AE632-33B6-4E78-A1C6-CD8CEC71F597}.Debug|Any CPU.ActiveCfg = Debug|Any CPU
		{690AE632-33B6-4E78-A1C6-CD8CEC71F597}.Debug|Any CPU.Build.0 = Debug|Any CPU
		{690AE632-33B6-4E78-A1C6-CD8CEC71F597}.Release|Any CPU.ActiveCfg = Release|Any CPU
		{690AE632-33B6-4E78-A1C6-CD8CEC71F597}.Release|Any CPU.Build.0 = Release|Any CPU
		{D8F069FC-B6C4-4514-89F9-7157B6DF3E81}.Debug|Any CPU.ActiveCfg = Debug|Any CPU
		{D8F069FC-B6C4-4514-89F9-7157B6DF3E81}.Debug|Any CPU.Build.0 = Debug|Any CPU
		{D8F069FC-B6C4-4514-89F9-7157B6DF3E81}.Release|Any CPU.ActiveCfg = Release|Any CPU
		{D8F069FC-B6C4-4514-89F9-7157B6DF3E81}.Release|Any CPU.Build.0 = Release|Any CPU
	EndGlobalSection
	GlobalSection(SolutionProperties) = preSolution
		HideSolutionNode = FALSE
	EndGlobalSection
	GlobalSection(NestedProjects) = preSolution
		{E0D0C278-0523-4776-8A2E-64CC30204244} = {804D0C77-1EC9-44DA-AF42-ABFDAF28DD7F}
		{93EA510A-17EC-48E1-B700-93F220CDB267} = {E0D0C278-0523-4776-8A2E-64CC30204244}
		{AC29BBE6-1176-46D3-8CAD-D5ED7F3E40E6} = {804D0C77-1EC9-44DA-AF42-ABFDAF28DD7F}
		{DE0275EE-CBE9-4C40-B037-AE6D60F3B6B1} = {804D0C77-1EC9-44DA-AF42-ABFDAF28DD7F}
		{CD5E5BF6-6FC7-494F-928A-00D5E4A11B4F} = {E0D0C278-0523-4776-8A2E-64CC30204244}
		{A30E05E1-18F7-4460-870D-E2A257E4123B} = {627CC17C-2EAE-46BB-B74C-72BDDCB2CB43}
		{627CC17C-2EAE-46BB-B74C-72BDDCB2CB43} = {AF9E4DC9-A298-464B-AE78-1C2779AF6FB1}
		{A987FD60-F453-44C6-9DFE-C7F77F34A066} = {AF9E4DC9-A298-464B-AE78-1C2779AF6FB1}
		{9D6CB336-6F95-4AFC-816E-7515A52659B6} = {AF9E4DC9-A298-464B-AE78-1C2779AF6FB1}
		{9F7DC252-60A5-4E2B-B94C-0FA9501B9BEE} = {627CC17C-2EAE-46BB-B74C-72BDDCB2CB43}
		{690AE632-33B6-4E78-A1C6-CD8CEC71F597} = {AC29BBE6-1176-46D3-8CAD-D5ED7F3E40E6}
		{D8F069FC-B6C4-4514-89F9-7157B6DF3E81} = {DE0275EE-CBE9-4C40-B037-AE6D60F3B6B1}
	EndGlobalSection
	GlobalSection(ExtensibilityGlobals) = postSolution
		SolutionGuid = {CF8778F3-BC60-4234-A866-74F5C95FA0C7}
	EndGlobalSection
EndGlobal
